// !$*UTF8*$!
{
	archiveVersion = 1;
	classes = {
	};
	objectVersion = 46;
	objects = {

/* Begin PBXBuildFile section */
		E5CC292E1CC93D20009EAFB3 /* AppDelegate.swift in Sources */ = {isa = PBXBuildFile; fileRef = E5CC292D1CC93D20009EAFB3 /* AppDelegate.swift */; };
		E5CC29301CC93D20009EAFB3 /* ViewController.swift in Sources */ = {isa = PBXBuildFile; fileRef = E5CC292F1CC93D20009EAFB3 /* ViewController.swift */; };
		E5CC29331CC93D20009EAFB3 /* Main.storyboard in Resources */ = {isa = PBXBuildFile; fileRef = E5CC29311CC93D20009EAFB3 /* Main.storyboard */; };
		E5CC29351CC93D20009EAFB3 /* Assets.xcassets in Resources */ = {isa = PBXBuildFile; fileRef = E5CC29341CC93D20009EAFB3 /* Assets.xcassets */; };
		E5CC29381CC93D20009EAFB3 /* LaunchScreen.storyboard in Resources */ = {isa = PBXBuildFile; fileRef = E5CC29361CC93D20009EAFB3 /* LaunchScreen.storyboard */; };
/* End PBXBuildFile section */

/* Begin PBXFileReference section */
		E5CC292A1CC93D20009EAFB3 /* Testing for Github.app */ = {isa = PBXFileReference; explicitFileType = wrapper.application; includeInIndex = 0; path = "Testing for Github.app"; sourceTree = BUILT_PRODUCTS_DIR; };
		E5CC292D1CC93D20009EAFB3 /* AppDelegate.swift */ = {isa = PBXFileReference; lastKnownFileType = sourcecode.swift; path = AppDelegate.swift; sourceTree = "<group>"; };
		E5CC292F1CC93D20009EAFB3 /* ViewController.swift */ = {isa = PBXFileReference; lastKnownFileType = sourcecode.swift; path = ViewController.swift; sourceTree = "<group>"; };
		E5CC29321CC93D20009EAFB3 /* Base */ = {isa = PBXFileReference; lastKnownFileType = file.storyboard; name = Base; path = Base.lproj/Main.storyboard; sourceTree = "<group>"; };
		E5CC29341CC93D20009EAFB3 /* Assets.xcassets */ = {isa = PBXFileReference; lastKnownFileType = folder.assetcatalog; path = Assets.xcassets; sourceTree = "<group>"; };
		E5CC29371CC93D20009EAFB3 /* Base */ = {isa = PBXFileReference; lastKnownFileType = file.storyboard; name = Base; path = Base.lproj/LaunchScreen.storyboard; sourceTree = "<group>"; };
		E5CC29391CC93D20009EAFB3 /* Info.plist */ = {isa = PBXFileReference; lastKnownFileType = text.plist.xml; path = Info.plist; sourceTree = "<group>"; };
/* End PBXFileReference section */

/* Begin PBXFrameworksBuildPhase section */
		E5CC29271CC93D20009EAFB3 /* Frameworks */ = {
			isa = PBXFrameworksBuildPhase;
			buildActionMask = 2147483647;
			files = (
			);
			runOnlyForDeploymentPostprocessing = 0;
		};
/* End PBXFrameworksBuildPhase section */

/* Begin PBXGroup section */
		E5CC29211CC93D20009EAFB3 = {
			isa = PBXGroup;
			children = (
				E5CC292C1CC93D20009EAFB3 /* Testing for Github */,
				E5CC292B1CC93D20009EAFB3 /* Products */,
			);
			sourceTree = "<group>";
		};
		E5CC292B1CC93D20009EAFB3 /* Products */ = {
			isa = PBXGroup;
			children = (
				E5CC292A1CC93D20009EAFB3 /* Testing for Github.app */,
			);
			name = Products;
			sourceTree = "<group>";
		};
		E5CC292C1CC93D20009EAFB3 /* Testing for Github */ = {
			isa = PBXGroup;
			children = (
				E5CC292D1CC93D20009EAFB3 /* AppDelegate.swift */,
				E5CC292F1CC93D20009EAFB3 /* ViewController.swift */,
				E5CC29311CC93D20009EAFB3 /* Main.storyboard */,
				E5CC29341CC93D20009EAFB3 /* Assets.xcassets */,
				E5CC29361CC93D20009EAFB3 /* LaunchScreen.storyboard */,
				E5CC29391CC93D20009EAFB3 /* Info.plist */,
			);
			path = "Testing for Github";
			sourceTree = "<group>";
		};
/* End PBXGroup section */

/* Begin PBXNativeTarget section */
		E5CC29291CC93D20009EAFB3 /* Testing for Github */ = {
			isa = PBXNativeTarget;
			buildConfigurationList = E5CC293C1CC93D20009EAFB3 /* Build configuration list for PBXNativeTarget "Testing for Github" */;
			buildPhases = (
				E5CC29261CC93D20009EAFB3 /* Sources */,
				E5CC29271CC93D20009EAFB3 /* Frameworks */,
				E5CC29281CC93D20009EAFB3 /* Resources */,
			);
			buildRules = (
			);
			dependencies = (
			);
			name = "Testing for Github";
			productName = "Testing for Github";
			productReference = E5CC292A1CC93D20009EAFB3 /* Testing for Github.app */;
			productType = "com.apple.product-type.application";
		};
/* End PBXNativeTarget section */

/* Begin PBXProject section */
		E5CC29221CC93D20009EAFB3 /* Project object */ = {
			isa = PBXProject;
			attributes = {
				LastSwiftUpdateCheck = 0720;
				LastUpgradeCheck = 0720;
				ORGANIZATIONNAME = UCL;
				TargetAttributes = {
					E5CC29291CC93D20009EAFB3 = {
						CreatedOnToolsVersion = 7.2.1;
						DevelopmentTeam = 3GXB6HZZCL;
					};
				};
			};
			buildConfigurationList = E5CC29251CC93D20009EAFB3 /* Build configuration list for PBXProject "Testing for Github" */;
			compatibilityVersion = "Xcode 3.2";
			developmentRegion = English;
			hasScannedForEncodings = 0;
			knownRegions = (
				en,
				Base,
			);
			mainGroup = E5CC29211CC93D20009EAFB3;
			productRefGroup = E5CC292B1CC93D20009EAFB3 /* Products */;
			projectDirPath = "";
			projectRoot = "";
			targets = (
				E5CC29291CC93D20009EAFB3 /* Testing for Github */,
			);
		};
/* End PBXProject section */

/* Begin PBXResourcesBuildPhase section */
		E5CC29281CC93D20009EAFB3 /* Resources */ = {
			isa = PBXResourcesBuildPhase;
			buildActionMask = 2147483647;
			files = (
				E5CC29381CC93D20009EAFB3 /* LaunchScreen.storyboard in Resources */,
				E5CC29351CC93D20009EAFB3 /* Assets.xcassets in Resources */,
				E5CC29331CC93D20009EAFB3 /* Main.storyboard in Resources */,
			);
			runOnlyForDeploymentPostprocessing = 0;
		};
/* End PBXResourcesBuildPhase section */

/* Begin PBXSourcesBuildPhase section */
		E5CC29261CC93D20009EAFB3 /* Sources */ = {
			isa = PBXSourcesBuildPhase;
			buildActionMask = 2147483647;
			files = (
				E5CC29301CC93D20009EAFB3 /* ViewController.swift in Sources */,
				E5CC292E1CC93D20009EAFB3 /* AppDelegate.swift in Sources */,
			);
			runOnlyForDeploymentPostprocessing = 0;
		};
/* End PBXSourcesBuildPhase section */

/* Begin PBXVariantGroup section */
		E5CC29311CC93D20009EAFB3 /* Main.storyboard */ = {
			isa = PBXVariantGroup;
			children = (
				E5CC29321CC93D20009EAFB3 /* Base */,
			);
			name = Main.storyboard;
			sourceTree = "<group>";
		};
		E5CC29361CC93D20009EAFB3 /* LaunchScreen.storyboard */ = {
			isa = PBXVariantGroup;
			children = (
				E5CC29371CC93D20009EAFB3 /* Base */,
			);
			name = LaunchScreen.storyboard;
			sourceTree = "<group>";
		};
/* End PBXVariantGroup section */

/* Begin XCBuildConfiguration section */
		E5CC293A1CC93D20009EAFB3 /* Debug */ = {
			isa = XCBuildConfiguration;
			buildSettings = {
				ALWAYS_SEARCH_USER_PATHS = NO;
				CLANG_CXX_LANGUAGE_STANDARD = "gnu++0x";
				CLANG_CXX_LIBRARY = "libc++";
				CLANG_ENABLE_MODULES = YES;
				CLANG_ENABLE_OBJC_ARC = YES;
				CLANG_WARN_BOOL_CONVERSION = YES;
				CLANG_WARN_CONSTANT_CONVERSION = YES;
				CLANG_WARN_DIRECT_OBJC_ISA_USAGE = YES_ERROR;
				CLANG_WARN_EMPTY_BODY = YES;
				CLANG_WARN_ENUM_CONVERSION = YES;
				CLANG_WARN_INT_CONVERSION = YES;
				CLANG_WARN_OBJC_ROOT_CLASS = YES_ERROR;
				CLANG_WARN_UNREACHABLE_CODE = YES;
				CLANG_WARN__DUPLICATE_METHOD_MATCH = YES;
				"CODE_SIGN_IDENTITY[sdk=iphoneos*]" = "iPhone Developer";
				COPY_PHASE_STRIP = NO;
				DEBUG_INFORMATION_FORMAT = dwarf;
				ENABLE_STRICT_OBJC_MSGSEND = YES;
				ENABLE_TESTABILITY = YES;
				GCC_C_LANGUAGE_STANDARD = gnu99;
				GCC_DYNAMIC_NO_PIC = NO;
				GCC_NO_COMMON_BLOCKS = YES;
				GCC_OPTIMIZATION_LEVEL = 0;
				GCC_PREPROCESSOR_DEFINITIONS = (
					"DEBUG=1",
					"$(inherited)",
				);
				GCC_WARN_64_TO_32_BIT_CONVERSION = YES;
				GCC_WARN_ABOUT_RETURN_TYPE = YES_ERROR;
				GCC_WARN_UNDECLARED_SELECTOR = YES;
				GCC_WARN_UNINITIALIZED_AUTOS = YES_AGGRESSIVE;
				GCC_WARN_UNUSED_FUNCTION = YES;
				GCC_WARN_UNUSED_VARIABLE = YES;
				IPHONEOS_DEPLOYMENT_TARGET = 9.2;
				MTL_ENABLE_DEBUG_INFO = YES;
				ONLY_ACTIVE_ARCH = YES;
				SDKROOT = iphoneos;
				SWIFT_OPTIMIZATION_LEVEL = "-Onone";
			};
			name = Debug;
		};
		E5CC293B1CC93D20009EAFB3 /* Release */ = {
			isa = XCBuildConfiguration;
			buildSettings = {
				ALWAYS_SEARCH_USER_PATHS = NO;
				CLANG_CXX_LANGUAGE_STANDARD = "gnu++0x";
				CLANG_CXX_LIBRARY = "libc++";
				CLANG_ENABLE_MODULES = YES;
				CLANG_ENABLE_OBJC_ARC = YES;
				CLANG_WARN_BOOL_CONVERSION = YES;
				CLANG_WARN_CONSTANT_CONVERSION = YES;
				CLANG_WARN_DIRECT_OBJC_ISA_USAGE = YES_ERROR;
				CLANG_WARN_EMPTY_BODY = YES;
				CLANG_WARN_ENUM_CONVERSION = YES;
				CLANG_WARN_INT_CONVERSION = YES;
				CLANG_WARN_OBJC_ROOT_CLASS = YES_ERROR;
				CLANG_WARN_UNREACHABLE_CODE = YES;
				CLANG_WARN__DUPLICATE_METHOD_MATCH = YES;
				"CODE_SIGN_IDENTITY[sdk=iphoneos*]" = "iPhone Developer";
				COPY_PHASE_STRIP = NO;
				DEBUG_INFORMATION_FORMAT = "dwarf-with-dsym";
				ENABLE_NS_ASSERTIONS = NO;
				ENABLE_STRICT_OBJC_MSGSEND = YES;
				GCC_C_LANGUAGE_STANDARD = gnu99;
				GCC_NO_COMMON_BLOCKS = YES;
				GCC_WARN_64_TO_32_BIT_CONVERSION = YES;
				GCC_WARN_ABOUT_RETURN_TYPE = YES_ERROR;
				GCC_WARN_UNDECLARED_SELECTOR = YES;
				GCC_WARN_UNINITIALIZED_AUTOS = YES_AGGRESSIVE;
				GCC_WARN_UNUSED_FUNCTION = YES;
				GCC_WARN_UNUSED_VARIABLE = YES;
				IPHONEOS_DEPLOYMENT_TARGET = 9.2;
				MTL_ENABLE_DEBUG_INFO = NO;
				SDKROOT = iphoneos;
				VALIDATE_PRODUCT = YES;
			};
			name = Release;
		};
		E5CC293D1CC93D20009EAFB3 /* Debug */ = {
			isa = XCBuildConfiguration;
			buildSettings = {
				ASSETCATALOG_COMPILER_APPICON_NAME = AppIcon;
				INFOPLIST_FILE = "Testing for Github/Info.plist";
				LD_RUNPATH_SEARCH_PATHS = "$(inherited) @executable_path/Frameworks";
				PRODUCT_BUNDLE_IDENTIFIER = "com.UCL.Testing-for-Github";
				PRODUCT_NAME = "$(TARGET_NAME)";
			};
			name = Debug;
		};
		E5CC293E1CC93D20009EAFB3 /* Release */ = {
			isa = XCBuildConfiguration;
			buildSettings = {
				ASSETCATALOG_COMPILER_APPICON_NAME = AppIcon;
				INFOPLIST_FILE = "Testing for Github/Info.plist";
				LD_RUNPATH_SEARCH_PATHS = "$(inherited) @executable_path/Frameworks";
				PRODUCT_BUNDLE_IDENTIFIER = "com.UCL.Testing-for-Github";
				PRODUCT_NAME = "$(TARGET_NAME)";
			};
			name = Release;
		};
/* End XCBuildConfiguration section */

/* Begin XCConfigurationList section */
		E5CC29251CC93D20009EAFB3 /* Build configuration list for PBXProject "Testing for Github" */ = {
			isa = XCConfigurationList;
			buildConfigurations = (
				E5CC293A1CC93D20009EAFB3 /* Debug */,
				E5CC293B1CC93D20009EAFB3 /* Release */,
			);
			defaultConfigurationIsVisible = 0;
			defaultConfigurationName = Release;
		};
		E5CC293C1CC93D20009EAFB3 /* Build configuration list for PBXNativeTarget "Testing for Github" */ = {
			isa = XCConfigurationList;
			buildConfigurations = (
				E5CC293D1CC93D20009EAFB3 /* Debug */,
				E5CC293E1CC93D20009EAFB3 /* Release */,
			);
			defaultConfigurationIsVisible = 0;
		};
/* End XCConfigurationList section */
	};
	rootObject = E5CC29221CC93D20009EAFB3 /* Project object */;
}
